
Microsoft Visual Studio Solution File, Format Version 12.00
# Visual Studio Version 16
VisualStudioVersion = 16.0.32126.315
MinimumVisualStudioVersion = 10.0.40219.1
Project("{FAE04EC0-301F-11D3-BF4B-00C04F79EFBC}") = "TrianguloSolution", "TrianguloSolution\TrianguloSolution.csproj", "{ECD64F30-230A-4D45-AF98-E18F64E41AC6}"
EndProject
Global
	GlobalSection(SolutionConfigurationPlatforms) = preSolution
		Debug|Any CPU = Debug|Any CPU
		Release|Any CPU = Release|Any CPU
	EndGlobalSection
	GlobalSection(ProjectConfigurationPlatforms) = postSolution
		{ECD64F30-230A-4D45-AF98-E18F64E41AC6}.Debug|Any CPU.ActiveCfg = Debug|Any CPU
		{ECD64F30-230A-4D45-AF98-E18F64E41AC6}.Debug|Any CPU.Build.0 = Debug|Any CPU
		{ECD64F30-230A-4D45-AF98-E18F64E41AC6}.Release|Any CPU.ActiveCfg = Release|Any CPU
		{ECD64F30-230A-4D45-AF98-E18F64E41AC6}.Release|Any CPU.Build.0 = Release|Any CPU
	EndGlobalSection
	GlobalSection(SolutionProperties) = preSolution
		HideSolutionNode = FALSE
	EndGlobalSection
	GlobalSection(ExtensibilityGlobals) = postSolution
		SolutionGuid = {74B0589C-686D-4EF8-A414-36C33E05407D}
	EndGlobalSection
EndGlobal
