
Microsoft Visual Studio Solution File, Format Version 12.00
# Visual Studio Version 16
VisualStudioVersion = 16.0.32228.343
MinimumVisualStudioVersion = 10.0.40219.1
Project("{FAE04EC0-301F-11D3-BF4B-00C04F79EFBC}") = "Listas", "Listas\Listas.csproj", "{D4693368-5E06-4E52-ABA4-A41F293251D2}"
EndProject
Global
	GlobalSection(SolutionConfigurationPlatforms) = preSolution
		Debug|Any CPU = Debug|Any CPU
		Release|Any CPU = Release|Any CPU
	EndGlobalSection
	GlobalSection(ProjectConfigurationPlatforms) = postSolution
		{D4693368-5E06-4E52-ABA4-A41F293251D2}.Debug|Any CPU.ActiveCfg = Debug|Any CPU
		{D4693368-5E06-4E52-ABA4-A41F293251D2}.Debug|Any CPU.Build.0 = Debug|Any CPU
		{D4693368-5E06-4E52-ABA4-A41F293251D2}.Release|Any CPU.ActiveCfg = Release|Any CPU
		{D4693368-5E06-4E52-ABA4-A41F293251D2}.Release|Any CPU.Build.0 = Release|Any CPU
	EndGlobalSection
	GlobalSection(SolutionProperties) = preSolution
		HideSolutionNode = FALSE
	EndGlobalSection
	GlobalSection(ExtensibilityGlobals) = postSolution
		SolutionGuid = {0DCA75D1-0036-4039-B533-95ED05037FB9}
	EndGlobalSection
EndGlobal
