
Microsoft Visual Studio Solution File, Format Version 12.00
# Visual Studio Version 16
VisualStudioVersion = 16.0.32228.343
MinimumVisualStudioVersion = 10.0.40219.1
Project("{FAE04EC0-301F-11D3-BF4B-00C04F79EFBC}") = "ListaExercicio", "ListaExercicio\ListaExercicio.csproj", "{6308EF94-2A61-43FF-91E9-AA93FBECDBFD}"
EndProject
Global
	GlobalSection(SolutionConfigurationPlatforms) = preSolution
		Debug|Any CPU = Debug|Any CPU
		Release|Any CPU = Release|Any CPU
	EndGlobalSection
	GlobalSection(ProjectConfigurationPlatforms) = postSolution
		{6308EF94-2A61-43FF-91E9-AA93FBECDBFD}.Debug|Any CPU.ActiveCfg = Debug|Any CPU
		{6308EF94-2A61-43FF-91E9-AA93FBECDBFD}.Debug|Any CPU.Build.0 = Debug|Any CPU
		{6308EF94-2A61-43FF-91E9-AA93FBECDBFD}.Release|Any CPU.ActiveCfg = Release|Any CPU
		{6308EF94-2A61-43FF-91E9-AA93FBECDBFD}.Release|Any CPU.Build.0 = Release|Any CPU
	EndGlobalSection
	GlobalSection(SolutionProperties) = preSolution
		HideSolutionNode = FALSE
	EndGlobalSection
	GlobalSection(ExtensibilityGlobals) = postSolution
		SolutionGuid = {C5B05363-167A-4E9E-B04C-A4F69F2B5BBD}
	EndGlobalSection
EndGlobal
